
Microsoft Visual Studio Solution File, Format Version 12.00
# Visual Studio 2013
VisualStudioVersion = 12.0.21005.1
MinimumVisualStudioVersion = 10.0.40219.1
Project("{E24C65DC-7377-472B-9ABA-BC803B73C61A}") = "eyoung", "http://localhost:59167", "{098B25CF-491A-47D2-97AC-A77BA3EF86B6}"
	ProjectSection(WebsiteProperties) = preProject
		UseIISExpress = "true"
		TargetFrameworkMoniker = ".NETFramework,Version%3Dv4.0"
		Debug.AspNetCompiler.VirtualPath = "/localhost_59167"
		Debug.AspNetCompiler.PhysicalPath = "..\..\..\iloveqpigwebsite\eyoung\"
		Debug.AspNetCompiler.TargetPath = "PrecompiledWeb\localhost_59167\"
		Debug.AspNetCompiler.Updateable = "true"
		Debug.AspNetCompiler.ForceOverwrite = "true"
		Debug.AspNetCompiler.FixedNames = "false"
		Debug.AspNetCompiler.Debug = "True"
		Release.AspNetCompiler.VirtualPath = "/localhost_59167"
		Release.AspNetCompiler.PhysicalPath = "..\..\..\iloveqpigwebsite\eyoung\"
		Release.AspNetCompiler.TargetPath = "PrecompiledWeb\localhost_59167\"
		Release.AspNetCompiler.Updateable = "true"
		Release.AspNetCompiler.ForceOverwrite = "true"
		Release.AspNetCompiler.FixedNames = "false"
		Release.AspNetCompiler.Debug = "False"
		SlnRelativePath = "..\..\..\iloveqpigwebsite\eyoung\"
	EndProjectSection
EndProject
Global
	GlobalSection(SolutionConfigurationPlatforms) = preSolution
		Debug|Any CPU = Debug|Any CPU
	EndGlobalSection
	GlobalSection(ProjectConfigurationPlatforms) = postSolution
		{098B25CF-491A-47D2-97AC-A77BA3EF86B6}.Debug|Any CPU.ActiveCfg = Debug|Any CPU
		{098B25CF-491A-47D2-97AC-A77BA3EF86B6}.Debug|Any CPU.Build.0 = Debug|Any CPU
	EndGlobalSection
	GlobalSection(SolutionProperties) = preSolution
		HideSolutionNode = FALSE
	EndGlobalSection
EndGlobal
