
Microsoft Visual Studio Solution File, Format Version 12.00
# Visual Studio 2012
Project("{E24C65DC-7377-472B-9ABA-BC803B73C61A}") = "eyoung", "http://localhost:37740", "{5015645D-A27B-4D60-B154-50B67DF19213}"
	ProjectSection(WebsiteProperties) = preProject
		UseIISExpress = "true"
		TargetFrameworkMoniker = ".NETFramework,Version%3Dv4.5"
		Debug.AspNetCompiler.VirtualPath = "/localhost_37740"
		Debug.AspNetCompiler.PhysicalPath = "..\..\..\..\iloveqpigwebsite\eyoung\"
		Debug.AspNetCompiler.TargetPath = "PrecompiledWeb\localhost_37740\"
		Debug.AspNetCompiler.Updateable = "true"
		Debug.AspNetCompiler.ForceOverwrite = "true"
		Debug.AspNetCompiler.FixedNames = "false"
		Debug.AspNetCompiler.Debug = "True"
		Release.AspNetCompiler.VirtualPath = "/localhost_37740"
		Release.AspNetCompiler.PhysicalPath = "..\..\..\..\iloveqpigwebsite\eyoung\"
		Release.AspNetCompiler.TargetPath = "PrecompiledWeb\localhost_37740\"
		Release.AspNetCompiler.Updateable = "true"
		Release.AspNetCompiler.ForceOverwrite = "true"
		Release.AspNetCompiler.FixedNames = "false"
		Release.AspNetCompiler.Debug = "False"
		SlnRelativePath = "..\..\..\..\iloveqpigwebsite\eyoung\"
		DefaultWebSiteLanguage = "Visual C#"
	EndProjectSection
EndProject
Global
	GlobalSection(SolutionConfigurationPlatforms) = preSolution
		Debug|Any CPU = Debug|Any CPU
	EndGlobalSection
	GlobalSection(ProjectConfigurationPlatforms) = postSolution
		{5015645D-A27B-4D60-B154-50B67DF19213}.Debug|Any CPU.ActiveCfg = Debug|Any CPU
		{5015645D-A27B-4D60-B154-50B67DF19213}.Debug|Any CPU.Build.0 = Debug|Any CPU
	EndGlobalSection
	GlobalSection(SolutionProperties) = preSolution
		HideSolutionNode = FALSE
	EndGlobalSection
EndGlobal
